
Microsoft Visual Studio Solution File, Format Version 12.00
# Visual Studio Version 16
VisualStudioVersion = 16.0.30320.27
MinimumVisualStudioVersion = 10.0.40219.1
Project("{FAE04EC0-301F-11D3-BF4B-00C04F79EFBC}") = "FdsLauncher", "FdsLauncher\FdsLauncher.csproj", "{73CA620E-B04B-4420-860D-77FE955234AF}"
EndProject
Project("{FAE04EC0-301F-11D3-BF4B-00C04F79EFBC}") = "FdsCodeLib", "FdsCodeLib\FdsCodeLib.csproj", "{66CF0C9F-4ADA-4DE5-8197-A15988E93764}"
EndProject
Global
	GlobalSection(SolutionConfigurationPlatforms) = preSolution
		Debug|Any CPU = Debug|Any CPU
		Release|Any CPU = Release|Any CPU
	EndGlobalSection
	GlobalSection(ProjectConfigurationPlatforms) = postSolution
		{73CA620E-B04B-4420-860D-77FE955234AF}.Debug|Any CPU.ActiveCfg = Debug|Any CPU
		{73CA620E-B04B-4420-860D-77FE955234AF}.Debug|Any CPU.Build.0 = Debug|Any CPU
		{73CA620E-B04B-4420-860D-77FE955234AF}.Release|Any CPU.ActiveCfg = Release|Any CPU
		{73CA620E-B04B-4420-860D-77FE955234AF}.Release|Any CPU.Build.0 = Release|Any CPU
		{66CF0C9F-4ADA-4DE5-8197-A15988E93764}.Debug|Any CPU.ActiveCfg = Debug|Any CPU
		{66CF0C9F-4ADA-4DE5-8197-A15988E93764}.Debug|Any CPU.Build.0 = Debug|Any CPU
		{66CF0C9F-4ADA-4DE5-8197-A15988E93764}.Release|Any CPU.ActiveCfg = Release|Any CPU
		{66CF0C9F-4ADA-4DE5-8197-A15988E93764}.Release|Any CPU.Build.0 = Release|Any CPU
	EndGlobalSection
	GlobalSection(SolutionProperties) = preSolution
		HideSolutionNode = FALSE
	EndGlobalSection
	GlobalSection(ExtensibilityGlobals) = postSolution
		SolutionGuid = {7534E660-F70C-4BB9-8817-C0690476DBF9}
	EndGlobalSection
EndGlobal
